// !$*UTF8*$!
{
	archiveVersion = 1;
	classes = {
	};
	objectVersion = 46;
	objects = {

/* Begin PBXBuildFile section */
		B7791EE91BDA449A000DEE62 /* AppDelegate.swift in Sources */ = {isa = PBXBuildFile; fileRef = B7791EE81BDA449A000DEE62 /* AppDelegate.swift */; };
		B7791EEB1BDA449A000DEE62 /* ViewController.swift in Sources */ = {isa = PBXBuildFile; fileRef = B7791EEA1BDA449A000DEE62 /* ViewController.swift */; };
		B7791EEE1BDA449A000DEE62 /* Main.storyboard in Resources */ = {isa = PBXBuildFile; fileRef = B7791EEC1BDA449A000DEE62 /* Main.storyboard */; };
		B7791EF11BDA449B000DEE62 /* MyWeatherApp.xcdatamodeld in Sources */ = {isa = PBXBuildFile; fileRef = B7791EEF1BDA449B000DEE62 /* MyWeatherApp.xcdatamodeld */; };
		B7791EF31BDA449B000DEE62 /* Assets.xcassets in Resources */ = {isa = PBXBuildFile; fileRef = B7791EF21BDA449B000DEE62 /* Assets.xcassets */; };
		B7791EF61BDA449B000DEE62 /* LaunchScreen.storyboard in Resources */ = {isa = PBXBuildFile; fileRef = B7791EF41BDA449B000DEE62 /* LaunchScreen.storyboard */; };
/* End PBXBuildFile section */

/* Begin PBXFileReference section */
		B7791EE51BDA449A000DEE62 /* MyWeatherApp.app */ = {isa = PBXFileReference; explicitFileType = wrapper.application; includeInIndex = 0; path = MyWeatherApp.app; sourceTree = BUILT_PRODUCTS_DIR; };
		B7791EE81BDA449A000DEE62 /* AppDelegate.swift */ = {isa = PBXFileReference; lastKnownFileType = sourcecode.swift; path = AppDelegate.swift; sourceTree = "<group>"; };
		B7791EEA1BDA449A000DEE62 /* ViewController.swift */ = {isa = PBXFileReference; lastKnownFileType = sourcecode.swift; path = ViewController.swift; sourceTree = "<group>"; };
		B7791EED1BDA449A000DEE62 /* Base */ = {isa = PBXFileReference; lastKnownFileType = file.storyboard; name = Base; path = Base.lproj/Main.storyboard; sourceTree = "<group>"; };
		B7791EF01BDA449B000DEE62 /* MyWeatherApp.xcdatamodel */ = {isa = PBXFileReference; lastKnownFileType = wrapper.xcdatamodel; path = MyWeatherApp.xcdatamodel; sourceTree = "<group>"; };
		B7791EF21BDA449B000DEE62 /* Assets.xcassets */ = {isa = PBXFileReference; lastKnownFileType = folder.assetcatalog; path = Assets.xcassets; sourceTree = "<group>"; };
		B7791EF51BDA449B000DEE62 /* Base */ = {isa = PBXFileReference; lastKnownFileType = file.storyboard; name = Base; path = Base.lproj/LaunchScreen.storyboard; sourceTree = "<group>"; };
		B7791EF71BDA449B000DEE62 /* Info.plist */ = {isa = PBXFileReference; lastKnownFileType = text.plist.xml; path = Info.plist; sourceTree = "<group>"; };
/* End PBXFileReference section */

/* Begin PBXFrameworksBuildPhase section */
		B7791EE21BDA449A000DEE62 /* Frameworks */ = {
			isa = PBXFrameworksBuildPhase;
			buildActionMask = 2147483647;
			files = (
			);
			runOnlyForDeploymentPostprocessing = 0;
		};
/* End PBXFrameworksBuildPhase section */

/* Begin PBXGroup section */
		B7791EDC1BDA449A000DEE62 = {
			isa = PBXGroup;
			children = (
				B7791EE71BDA449A000DEE62 /* MyWeatherApp */,
				B7791EE61BDA449A000DEE62 /* Products */,
			);
			sourceTree = "<group>";
		};
		B7791EE61BDA449A000DEE62 /* Products */ = {
			isa = PBXGroup;
			children = (
				B7791EE51BDA449A000DEE62 /* MyWeatherApp.app */,
			);
			name = Products;
			sourceTree = "<group>";
		};
		B7791EE71BDA449A000DEE62 /* MyWeatherApp */ = {
			isa = PBXGroup;
			children = (
				B7791EE81BDA449A000DEE62 /* AppDelegate.swift */,
				B7791EEA1BDA449A000DEE62 /* ViewController.swift */,
				B7791EEC1BDA449A000DEE62 /* Main.storyboard */,
				B7791EF21BDA449B000DEE62 /* Assets.xcassets */,
				B7791EF41BDA449B000DEE62 /* LaunchScreen.storyboard */,
				B7791EF71BDA449B000DEE62 /* Info.plist */,
				B7791EEF1BDA449B000DEE62 /* MyWeatherApp.xcdatamodeld */,
			);
			path = MyWeatherApp;
			sourceTree = "<group>";
		};
/* End PBXGroup section */

/* Begin PBXNativeTarget section */
		B7791EE41BDA449A000DEE62 /* MyWeatherApp */ = {
			isa = PBXNativeTarget;
			buildConfigurationList = B7791EFA1BDA449B000DEE62 /* Build configuration list for PBXNativeTarget "MyWeatherApp" */;
			buildPhases = (
				B7791EE11BDA449A000DEE62 /* Sources */,
				B7791EE21BDA449A000DEE62 /* Frameworks */,
				B7791EE31BDA449A000DEE62 /* Resources */,
			);
			buildRules = (
			);
			dependencies = (
			);
			name = MyWeatherApp;
			productName = MyWeatherApp;
			productReference = B7791EE51BDA449A000DEE62 /* MyWeatherApp.app */;
			productType = "com.apple.product-type.application";
		};
/* End PBXNativeTarget section */

/* Begin PBXProject section */
		B7791EDD1BDA449A000DEE62 /* Project object */ = {
			isa = PBXProject;
			attributes = {
				LastSwiftUpdateCheck = 0710;
				LastUpgradeCheck = 0710;
				ORGANIZATIONNAME = com.kostov;
				TargetAttributes = {
					B7791EE41BDA449A000DEE62 = {
						CreatedOnToolsVersion = 7.1;
					};
				};
			};
			buildConfigurationList = B7791EE01BDA449A000DEE62 /* Build configuration list for PBXProject "MyWeatherApp" */;
			compatibilityVersion = "Xcode 3.2";
			developmentRegion = English;
			hasScannedForEncodings = 0;
			knownRegions = (
				en,
				Base,
			);
			mainGroup = B7791EDC1BDA449A000DEE62;
			productRefGroup = B7791EE61BDA449A000DEE62 /* Products */;
			projectDirPath = "";
			projectRoot = "";
			targets = (
				B7791EE41BDA449A000DEE62 /* MyWeatherApp */,
			);
		};
/* End PBXProject section */

/* Begin PBXResourcesBuildPhase section */
		B7791EE31BDA449A000DEE62 /* Resources */ = {
			isa = PBXResourcesBuildPhase;
			buildActionMask = 2147483647;
			files = (
				B7791EF61BDA449B000DEE62 /* LaunchScreen.storyboard in Resources */,
				B7791EF31BDA449B000DEE62 /* Assets.xcassets in Resources */,
				B7791EEE1BDA449A000DEE62 /* Main.storyboard in Resources */,
			);
			runOnlyForDeploymentPostprocessing = 0;
		};
/* End PBXResourcesBuildPhase section */

/* Begin PBXSourcesBuildPhase section */
		B7791EE11BDA449A000DEE62 /* Sources */ = {
			isa = PBXSourcesBuildPhase;
			buildActionMask = 2147483647;
			files = (
				B7791EEB1BDA449A000DEE62 /* ViewController.swift in Sources */,
				B7791EF11BDA449B000DEE62 /* MyWeatherApp.xcdatamodeld in Sources */,
				B7791EE91BDA449A000DEE62 /* AppDelegate.swift in Sources */,
			);
			runOnlyForDeploymentPostprocessing = 0;
		};
/* End PBXSourcesBuildPhase section */

/* Begin PBXVariantGroup section */
		B7791EEC1BDA449A000DEE62 /* Main.storyboard */ = {
			isa = PBXVariantGroup;
			children = (
				B7791EED1BDA449A000DEE62 /* Base */,
			);
			name = Main.storyboard;
			sourceTree = "<group>";
		};
		B7791EF41BDA449B000DEE62 /* LaunchScreen.storyboard */ = {
			isa = PBXVariantGroup;
			children = (
				B7791EF51BDA449B000DEE62 /* Base */,
			);
			name = LaunchScreen.storyboard;
			sourceTree = "<group>";
		};
/* End PBXVariantGroup section */

/* Begin XCBuildConfiguration section */
		B7791EF81BDA449B000DEE62 /* Debug */ = {
			isa = XCBuildConfiguration;
			buildSettings = {
				ALWAYS_SEARCH_USER_PATHS = NO;
				CLANG_CXX_LANGUAGE_STANDARD = "gnu++0x";
				CLANG_CXX_LIBRARY = "libc++";
				CLANG_ENABLE_MODULES = YES;
				CLANG_ENABLE_OBJC_ARC = YES;
				CLANG_WARN_BOOL_CONVERSION = YES;
				CLANG_WARN_CONSTANT_CONVERSION = YES;
				CLANG_WARN_DIRECT_OBJC_ISA_USAGE = YES_ERROR;
				CLANG_WARN_EMPTY_BODY = YES;
				CLANG_WARN_ENUM_CONVERSION = YES;
				CLANG_WARN_INT_CONVERSION = YES;
				CLANG_WARN_OBJC_ROOT_CLASS = YES_ERROR;
				CLANG_WARN_UNREACHABLE_CODE = YES;
				CLANG_WARN__DUPLICATE_METHOD_MATCH = YES;
				"CODE_SIGN_IDENTITY[sdk=iphoneos*]" = "iPhone Developer";
				COPY_PHASE_STRIP = NO;
				DEBUG_INFORMATION_FORMAT = dwarf;
				ENABLE_STRICT_OBJC_MSGSEND = YES;
				ENABLE_TESTABILITY = YES;
				GCC_C_LANGUAGE_STANDARD = gnu99;
				GCC_DYNAMIC_NO_PIC = NO;
				GCC_NO_COMMON_BLOCKS = YES;
				GCC_OPTIMIZATION_LEVEL = 0;
				GCC_PREPROCESSOR_DEFINITIONS = (
					"DEBUG=1",
					"$(inherited)",
				);
				GCC_WARN_64_TO_32_BIT_CONVERSION = YES;
				GCC_WARN_ABOUT_RETURN_TYPE = YES_ERROR;
				GCC_WARN_UNDECLARED_SELECTOR = YES;
				GCC_WARN_UNINITIALIZED_AUTOS = YES_AGGRESSIVE;
				GCC_WARN_UNUSED_FUNCTION = YES;
				GCC_WARN_UNUSED_VARIABLE = YES;
				IPHONEOS_DEPLOYMENT_TARGET = 9.1;
				MTL_ENABLE_DEBUG_INFO = YES;
				ONLY_ACTIVE_ARCH = YES;
				SDKROOT = iphoneos;
				SWIFT_OPTIMIZATION_LEVEL = "-Onone";
				TARGETED_DEVICE_FAMILY = "1,2";
			};
			name = Debug;
		};
		B7791EF91BDA449B000DEE62 /* Release */ = {
			isa = XCBuildConfiguration;
			buildSettings = {
				ALWAYS_SEARCH_USER_PATHS = NO;
				CLANG_CXX_LANGUAGE_STANDARD = "gnu++0x";
				CLANG_CXX_LIBRARY = "libc++";
				CLANG_ENABLE_MODULES = YES;
				CLANG_ENABLE_OBJC_ARC = YES;
				CLANG_WARN_BOOL_CONVERSION = YES;
				CLANG_WARN_CONSTANT_CONVERSION = YES;
				CLANG_WARN_DIRECT_OBJC_ISA_USAGE = YES_ERROR;
				CLANG_WARN_EMPTY_BODY = YES;
				CLANG_WARN_ENUM_CONVERSION = YES;
				CLANG_WARN_INT_CONVERSION = YES;
				CLANG_WARN_OBJC_ROOT_CLASS = YES_ERROR;
				CLANG_WARN_UNREACHABLE_CODE = YES;
				CLANG_WARN__DUPLICATE_METHOD_MATCH = YES;
				"CODE_SIGN_IDENTITY[sdk=iphoneos*]" = "iPhone Developer";
				COPY_PHASE_STRIP = NO;
				DEBUG_INFORMATION_FORMAT = "dwarf-with-dsym";
				ENABLE_NS_ASSERTIONS = NO;
				ENABLE_STRICT_OBJC_MSGSEND = YES;
				GCC_C_LANGUAGE_STANDARD = gnu99;
				GCC_NO_COMMON_BLOCKS = YES;
				GCC_WARN_64_TO_32_BIT_CONVERSION = YES;
				GCC_WARN_ABOUT_RETURN_TYPE = YES_ERROR;
				GCC_WARN_UNDECLARED_SELECTOR = YES;
				GCC_WARN_UNINITIALIZED_AUTOS = YES_AGGRESSIVE;
				GCC_WARN_UNUSED_FUNCTION = YES;
				GCC_WARN_UNUSED_VARIABLE = YES;
				IPHONEOS_DEPLOYMENT_TARGET = 9.1;
				MTL_ENABLE_DEBUG_INFO = NO;
				SDKROOT = iphoneos;
				TARGETED_DEVICE_FAMILY = "1,2";
				VALIDATE_PRODUCT = YES;
			};
			name = Release;
		};
		B7791EFB1BDA449B000DEE62 /* Debug */ = {
			isa = XCBuildConfiguration;
			buildSettings = {
				ASSETCATALOG_COMPILER_APPICON_NAME = AppIcon;
				INFOPLIST_FILE = MyWeatherApp/Info.plist;
				LD_RUNPATH_SEARCH_PATHS = "$(inherited) @executable_path/Frameworks";
				PRODUCT_BUNDLE_IDENTIFIER = com.kostov.MyWeatherApp;
				PRODUCT_NAME = "$(TARGET_NAME)";
			};
			name = Debug;
		};
		B7791EFC1BDA449B000DEE62 /* Release */ = {
			isa = XCBuildConfiguration;
			buildSettings = {
				ASSETCATALOG_COMPILER_APPICON_NAME = AppIcon;
				INFOPLIST_FILE = MyWeatherApp/Info.plist;
				LD_RUNPATH_SEARCH_PATHS = "$(inherited) @executable_path/Frameworks";
				PRODUCT_BUNDLE_IDENTIFIER = com.kostov.MyWeatherApp;
				PRODUCT_NAME = "$(TARGET_NAME)";
			};
			name = Release;
		};
/* End XCBuildConfiguration section */

/* Begin XCConfigurationList section */
		B7791EE01BDA449A000DEE62 /* Build configuration list for PBXProject "MyWeatherApp" */ = {
			isa = XCConfigurationList;
			buildConfigurations = (
				B7791EF81BDA449B000DEE62 /* Debug */,
				B7791EF91BDA449B000DEE62 /* Release */,
			);
			defaultConfigurationIsVisible = 0;
			defaultConfigurationName = Release;
		};
		B7791EFA1BDA449B000DEE62 /* Build configuration list for PBXNativeTarget "MyWeatherApp" */ = {
			isa = XCConfigurationList;
			buildConfigurations = (
				B7791EFB1BDA449B000DEE62 /* Debug */,
				B7791EFC1BDA449B000DEE62 /* Release */,
			);
			defaultConfigurationIsVisible = 0;
		};
/* End XCConfigurationList section */

/* Begin XCVersionGroup section */
		B7791EEF1BDA449B000DEE62 /* MyWeatherApp.xcdatamodeld */ = {
			isa = XCVersionGroup;
			children = (
				B7791EF01BDA449B000DEE62 /* MyWeatherApp.xcdatamodel */,
			);
			currentVersion = B7791EF01BDA449B000DEE62 /* MyWeatherApp.xcdatamodel */;
			path = MyWeatherApp.xcdatamodeld;
			sourceTree = "<group>";
			versionGroupType = wrapper.xcdatamodel;
		};
/* End XCVersionGroup section */
	};
	rootObject = B7791EDD1BDA449A000DEE62 /* Project object */;
}
